
Microsoft Visual Studio Solution File, Format Version 12.00
Project("{FAE04EC0-301F-11D3-BF4B-00C04F79EFBC}") = "OPS.WebApi", "OPS.WebApi\OPS.WebApi.csproj", "{6355F912-DBBB-45ED-AF68-281B29C2A3C4}"
EndProject
Project("{2150E333-8FDC-42A3-9474-1A3956D46DE8}") = "Solution Items", "Solution Items", "{C01CA40C-25FE-4247-BE27-D825C4B4C266}"
	ProjectSection(SolutionItems) = preProject
		compose.yaml = compose.yaml
	EndProjectSection
EndProject
Project("{FAE04EC0-301F-11D3-BF4B-00C04F79EFBC}") = "OPS.Messages", "OPS.Messages\OPS.Messages.csproj", "{785D1B48-8A5F-497C-AA57-36A78DAE0934}"
EndProject
Project("{FAE04EC0-301F-11D3-BF4B-00C04F79EFBC}") = "OPS.Processor", "OPS.Processor\OPS.Processor.csproj", "{03C841C2-E852-4AF9-925E-D737B8FD2575}"
EndProject
Project("{FAE04EC0-301F-11D3-BF4B-00C04F79EFBC}") = "OPS.Data", "OPS.Data\OPS.Data.csproj", "{0BCA3E2C-3DA4-49AE-A28C-93E04BD579DA}"
EndProject
Project("{FAE04EC0-301F-11D3-BF4B-00C04F79EFBC}") = "OPS.Shared", "OPS.Shared\OPS.Shared.csproj", "{F1D339EC-236F-4CF6-AD13-0AD5BAFD8D04}"
EndProject
Global
	GlobalSection(SolutionConfigurationPlatforms) = preSolution
		Debug|Any CPU = Debug|Any CPU
		Release|Any CPU = Release|Any CPU
	EndGlobalSection
	GlobalSection(ProjectConfigurationPlatforms) = postSolution
		{6355F912-DBBB-45ED-AF68-281B29C2A3C4}.Debug|Any CPU.ActiveCfg = Debug|Any CPU
		{6355F912-DBBB-45ED-AF68-281B29C2A3C4}.Debug|Any CPU.Build.0 = Debug|Any CPU
		{6355F912-DBBB-45ED-AF68-281B29C2A3C4}.Release|Any CPU.ActiveCfg = Release|Any CPU
		{6355F912-DBBB-45ED-AF68-281B29C2A3C4}.Release|Any CPU.Build.0 = Release|Any CPU
		{785D1B48-8A5F-497C-AA57-36A78DAE0934}.Debug|Any CPU.ActiveCfg = Debug|Any CPU
		{785D1B48-8A5F-497C-AA57-36A78DAE0934}.Debug|Any CPU.Build.0 = Debug|Any CPU
		{785D1B48-8A5F-497C-AA57-36A78DAE0934}.Release|Any CPU.ActiveCfg = Release|Any CPU
		{785D1B48-8A5F-497C-AA57-36A78DAE0934}.Release|Any CPU.Build.0 = Release|Any CPU
		{03C841C2-E852-4AF9-925E-D737B8FD2575}.Debug|Any CPU.ActiveCfg = Debug|Any CPU
		{03C841C2-E852-4AF9-925E-D737B8FD2575}.Debug|Any CPU.Build.0 = Debug|Any CPU
		{03C841C2-E852-4AF9-925E-D737B8FD2575}.Release|Any CPU.ActiveCfg = Release|Any CPU
		{03C841C2-E852-4AF9-925E-D737B8FD2575}.Release|Any CPU.Build.0 = Release|Any CPU
		{0BCA3E2C-3DA4-49AE-A28C-93E04BD579DA}.Debug|Any CPU.ActiveCfg = Debug|Any CPU
		{0BCA3E2C-3DA4-49AE-A28C-93E04BD579DA}.Debug|Any CPU.Build.0 = Debug|Any CPU
		{0BCA3E2C-3DA4-49AE-A28C-93E04BD579DA}.Release|Any CPU.ActiveCfg = Release|Any CPU
		{0BCA3E2C-3DA4-49AE-A28C-93E04BD579DA}.Release|Any CPU.Build.0 = Release|Any CPU
		{F1D339EC-236F-4CF6-AD13-0AD5BAFD8D04}.Debug|Any CPU.ActiveCfg = Debug|Any CPU
		{F1D339EC-236F-4CF6-AD13-0AD5BAFD8D04}.Debug|Any CPU.Build.0 = Debug|Any CPU
		{F1D339EC-236F-4CF6-AD13-0AD5BAFD8D04}.Release|Any CPU.ActiveCfg = Release|Any CPU
		{F1D339EC-236F-4CF6-AD13-0AD5BAFD8D04}.Release|Any CPU.Build.0 = Release|Any CPU
	EndGlobalSection
EndGlobal
